
Microsoft Visual Studio Solution File, Format Version 12.00
# Visual Studio Version 17
VisualStudioVersion = 17.13.35818.85 d17.13
MinimumVisualStudioVersion = 10.0.40219.1
Project("{FAE04EC0-301F-11D3-BF4B-00C04F79EFBC}") = "CollectionsProject", "CollectionsProject\CollectionsProject.csproj", "{0D7818E0-32CA-4EB6-B755-D8417EDFBE7E}"
EndProject
Global
	GlobalSection(SolutionConfigurationPlatforms) = preSolution
		Debug|Any CPU = Debug|Any CPU
		Release|Any CPU = Release|Any CPU
	EndGlobalSection
	GlobalSection(ProjectConfigurationPlatforms) = postSolution
		{0D7818E0-32CA-4EB6-B755-D8417EDFBE7E}.Debug|Any CPU.ActiveCfg = Debug|Any CPU
		{0D7818E0-32CA-4EB6-B755-D8417EDFBE7E}.Debug|Any CPU.Build.0 = Debug|Any CPU
		{0D7818E0-32CA-4EB6-B755-D8417EDFBE7E}.Release|Any CPU.ActiveCfg = Release|Any CPU
		{0D7818E0-32CA-4EB6-B755-D8417EDFBE7E}.Release|Any CPU.Build.0 = Release|Any CPU
	EndGlobalSection
	GlobalSection(SolutionProperties) = preSolution
		HideSolutionNode = FALSE
	EndGlobalSection
	GlobalSection(ExtensibilityGlobals) = postSolution
		SolutionGuid = {A5CB9895-B1FD-48F9-9CF6-13E2C47BCC20}
	EndGlobalSection
EndGlobal
