
Microsoft Visual Studio Solution File, Format Version 12.00
# Visual Studio Version 17
VisualStudioVersion = 17.13.35818.85 d17.13
MinimumVisualStudioVersion = 10.0.40219.1
Project("{FAE04EC0-301F-11D3-BF4B-00C04F79EFBC}") = "Sec3LabExam-DeBon", "Sec3LabExam-DeBon\Sec3LabExam-DeBon.csproj", "{49A30AC4-4964-4239-B01F-A7F2ACA385ED}"
EndProject
Global
	GlobalSection(SolutionConfigurationPlatforms) = preSolution
		Debug|Any CPU = Debug|Any CPU
		Release|Any CPU = Release|Any CPU
	EndGlobalSection
	GlobalSection(ProjectConfigurationPlatforms) = postSolution
		{49A30AC4-4964-4239-B01F-A7F2ACA385ED}.Debug|Any CPU.ActiveCfg = Debug|Any CPU
		{49A30AC4-4964-4239-B01F-A7F2ACA385ED}.Debug|Any CPU.Build.0 = Debug|Any CPU
		{49A30AC4-4964-4239-B01F-A7F2ACA385ED}.Release|Any CPU.ActiveCfg = Release|Any CPU
		{49A30AC4-4964-4239-B01F-A7F2ACA385ED}.Release|Any CPU.Build.0 = Release|Any CPU
	EndGlobalSection
	GlobalSection(SolutionProperties) = preSolution
		HideSolutionNode = FALSE
	EndGlobalSection
	GlobalSection(ExtensibilityGlobals) = postSolution
		SolutionGuid = {DF0CD323-5915-43A2-A533-46766E216A65}
	EndGlobalSection
EndGlobal
