
Microsoft Visual Studio Solution File, Format Version 12.00
# Visual Studio Version 17
VisualStudioVersion = 17.13.35818.85 d17.13
MinimumVisualStudioVersion = 10.0.40219.1
Project("{FAE04EC0-301F-11D3-BF4B-00C04F79EFBC}") = "BaseConverter", "BaseConverter\BaseConverter.csproj", "{C0355518-0860-4227-9E7D-C684F3E959C7}"
EndProject
Global
	GlobalSection(SolutionConfigurationPlatforms) = preSolution
		Debug|Any CPU = Debug|Any CPU
		Release|Any CPU = Release|Any CPU
	EndGlobalSection
	GlobalSection(ProjectConfigurationPlatforms) = postSolution
		{C0355518-0860-4227-9E7D-C684F3E959C7}.Debug|Any CPU.ActiveCfg = Debug|Any CPU
		{C0355518-0860-4227-9E7D-C684F3E959C7}.Debug|Any CPU.Build.0 = Debug|Any CPU
		{C0355518-0860-4227-9E7D-C684F3E959C7}.Release|Any CPU.ActiveCfg = Release|Any CPU
		{C0355518-0860-4227-9E7D-C684F3E959C7}.Release|Any CPU.Build.0 = Release|Any CPU
	EndGlobalSection
	GlobalSection(SolutionProperties) = preSolution
		HideSolutionNode = FALSE
	EndGlobalSection
	GlobalSection(ExtensibilityGlobals) = postSolution
		SolutionGuid = {14FA5435-65BA-45FE-823F-B0B6213F2AB5}
	EndGlobalSection
EndGlobal
