
Microsoft Visual Studio Solution File, Format Version 12.00
# Visual Studio Version 17
VisualStudioVersion = 17.12.35506.116 d17.12
MinimumVisualStudioVersion = 10.0.40219.1
Project("{FAE04EC0-301F-11D3-BF4B-00C04F79EFBC}") = "DeBonLab_Project", "DeBonLab_Project\DeBonLab_Project.csproj", "{3EC318D7-A66D-4331-91EA-E021C9CDBF4D}"
EndProject
Global
	GlobalSection(SolutionConfigurationPlatforms) = preSolution
		Debug|Any CPU = Debug|Any CPU
		Release|Any CPU = Release|Any CPU
	EndGlobalSection
	GlobalSection(ProjectConfigurationPlatforms) = postSolution
		{3EC318D7-A66D-4331-91EA-E021C9CDBF4D}.Debug|Any CPU.ActiveCfg = Debug|Any CPU
		{3EC318D7-A66D-4331-91EA-E021C9CDBF4D}.Debug|Any CPU.Build.0 = Debug|Any CPU
		{3EC318D7-A66D-4331-91EA-E021C9CDBF4D}.Release|Any CPU.ActiveCfg = Release|Any CPU
		{3EC318D7-A66D-4331-91EA-E021C9CDBF4D}.Release|Any CPU.Build.0 = Release|Any CPU
	EndGlobalSection
	GlobalSection(SolutionProperties) = preSolution
		HideSolutionNode = FALSE
	EndGlobalSection
EndGlobal
